
Microsoft Visual Studio Solution File, Format Version 12.00
# Visual Studio Version 17
VisualStudioVersion = 17.10.34818.151
MinimumVisualStudioVersion = 10.0.40219.1
Project("{FAE04EC0-301F-11D3-BF4B-00C04F79EFBC}") = "Punto Total", "Punto Total\Punto Total.csproj", "{1E10D0A9-B8D6-491F-949D-843886D50C7D}"
EndProject
Global
	GlobalSection(SolutionConfigurationPlatforms) = preSolution
		Debug|Any CPU = Debug|Any CPU
		Release|Any CPU = Release|Any CPU
	EndGlobalSection
	GlobalSection(ProjectConfigurationPlatforms) = postSolution
		{1E10D0A9-B8D6-491F-949D-843886D50C7D}.Debug|Any CPU.ActiveCfg = Debug|Any CPU
		{1E10D0A9-B8D6-491F-949D-843886D50C7D}.Debug|Any CPU.Build.0 = Debug|Any CPU
		{1E10D0A9-B8D6-491F-949D-843886D50C7D}.Release|Any CPU.ActiveCfg = Release|Any CPU
		{1E10D0A9-B8D6-491F-949D-843886D50C7D}.Release|Any CPU.Build.0 = Release|Any CPU
	EndGlobalSection
	GlobalSection(SolutionProperties) = preSolution
		HideSolutionNode = FALSE
	EndGlobalSection
	GlobalSection(ExtensibilityGlobals) = postSolution
		SolutionGuid = {C44189AB-5A03-4BC4-A202-92AF8E52EB3A}
	EndGlobalSection
EndGlobal
